// !$*UTF8*$!
{
	archiveVersion = 1;
	classes = {
	};
	objectVersion = 46;
	objects = {

/* Begin PBXBuildFile section */
		E94D17CB1AF8B51000E31B01 /* AppDelegate.m in Sources */ = {isa = PBXBuildFile; fileRef = E94D17CA1AF8B51000E31B01 /* AppDelegate.m */; };
		E94D17D11AF8B57700E31B01 /* NewsFeedViewController.m in Sources */ = {isa = PBXBuildFile; fileRef = E94D17CF1AF8B57700E31B01 /* NewsFeedViewController.m */; };
		E94D17D21AF8B57700E31B01 /* NewsFeedViewController.xib in Resources */ = {isa = PBXBuildFile; fileRef = E94D17D01AF8B57700E31B01 /* NewsFeedViewController.xib */; };
		E94D17D41AF8B66000E31B01 /* main.m in Sources */ = {isa = PBXBuildFile; fileRef = E94D17D31AF8B66000E31B01 /* main.m */; };
		E94D17DA1AF8B8F800E31B01 /* Info.plist in Resources */ = {isa = PBXBuildFile; fileRef = E94D17D91AF8B8F800E31B01 /* Info.plist */; };
		E955744C1AF86D2600F0B230 /* Images.xcassets in Resources */ = {isa = PBXBuildFile; fileRef = E955744B1AF86D2600F0B230 /* Images.xcassets */; };
		E955744F1AF86D2600F0B230 /* LaunchScreen.xib in Resources */ = {isa = PBXBuildFile; fileRef = E955744D1AF86D2600F0B230 /* LaunchScreen.xib */; };
		E955745B1AF86D2600F0B230 /* whuntedTests.m in Sources */ = {isa = PBXBuildFile; fileRef = E955745A1AF86D2600F0B230 /* whuntedTests.m */; };
/* End PBXBuildFile section */

/* Begin PBXContainerItemProxy section */
		E95574551AF86D2600F0B230 /* PBXContainerItemProxy */ = {
			isa = PBXContainerItemProxy;
			containerPortal = E95574331AF86D2600F0B230 /* Project object */;
			proxyType = 1;
			remoteGlobalIDString = E955743A1AF86D2600F0B230;
			remoteInfo = whunted;
		};
/* End PBXContainerItemProxy section */

/* Begin PBXFileReference section */
		E94D17C91AF8B51000E31B01 /* AppDelegate.h */ = {isa = PBXFileReference; fileEncoding = 4; lastKnownFileType = sourcecode.c.h; name = AppDelegate.h; path = Application/AppDelegate.h; sourceTree = "<group>"; };
		E94D17CA1AF8B51000E31B01 /* AppDelegate.m */ = {isa = PBXFileReference; fileEncoding = 4; lastKnownFileType = sourcecode.c.objc; name = AppDelegate.m; path = Application/AppDelegate.m; sourceTree = "<group>"; };
		E94D17CE1AF8B57700E31B01 /* NewsFeedViewController.h */ = {isa = PBXFileReference; fileEncoding = 4; lastKnownFileType = sourcecode.c.h; name = NewsFeedViewController.h; path = Controllers/NewsFeed/NewsFeedViewController.h; sourceTree = "<group>"; };
		E94D17CF1AF8B57700E31B01 /* NewsFeedViewController.m */ = {isa = PBXFileReference; fileEncoding = 4; lastKnownFileType = sourcecode.c.objc; name = NewsFeedViewController.m; path = Controllers/NewsFeed/NewsFeedViewController.m; sourceTree = "<group>"; };
		E94D17D01AF8B57700E31B01 /* NewsFeedViewController.xib */ = {isa = PBXFileReference; fileEncoding = 4; lastKnownFileType = file.xib; name = NewsFeedViewController.xib; path = Controllers/NewsFeed/NewsFeedViewController.xib; sourceTree = "<group>"; };
		E94D17D31AF8B66000E31B01 /* main.m */ = {isa = PBXFileReference; fileEncoding = 4; lastKnownFileType = sourcecode.c.objc; name = main.m; path = Application/main.m; sourceTree = "<group>"; };
		E94D17D91AF8B8F800E31B01 /* Info.plist */ = {isa = PBXFileReference; fileEncoding = 4; lastKnownFileType = text.plist.xml; path = Info.plist; sourceTree = "<group>"; };
		E955743B1AF86D2600F0B230 /* whunted.app */ = {isa = PBXFileReference; explicitFileType = wrapper.application; includeInIndex = 0; path = whunted.app; sourceTree = BUILT_PRODUCTS_DIR; };
		E955744B1AF86D2600F0B230 /* Images.xcassets */ = {isa = PBXFileReference; lastKnownFileType = folder.assetcatalog; path = Images.xcassets; sourceTree = "<group>"; };
		E955744E1AF86D2600F0B230 /* Base */ = {isa = PBXFileReference; lastKnownFileType = file.xib; name = Base; path = Base.lproj/LaunchScreen.xib; sourceTree = "<group>"; };
		E95574541AF86D2600F0B230 /* whuntedTests.xctest */ = {isa = PBXFileReference; explicitFileType = wrapper.cfbundle; includeInIndex = 0; path = whuntedTests.xctest; sourceTree = BUILT_PRODUCTS_DIR; };
		E95574591AF86D2600F0B230 /* Info.plist */ = {isa = PBXFileReference; lastKnownFileType = text.plist.xml; path = Info.plist; sourceTree = "<group>"; };
		E955745A1AF86D2600F0B230 /* whuntedTests.m */ = {isa = PBXFileReference; lastKnownFileType = sourcecode.c.objc; path = whuntedTests.m; sourceTree = "<group>"; };
/* End PBXFileReference section */

/* Begin PBXFrameworksBuildPhase section */
		E95574381AF86D2600F0B230 /* Frameworks */ = {
			isa = PBXFrameworksBuildPhase;
			buildActionMask = 2147483647;
			files = (
			);
			runOnlyForDeploymentPostprocessing = 0;
		};
		E95574511AF86D2600F0B230 /* Frameworks */ = {
			isa = PBXFrameworksBuildPhase;
			buildActionMask = 2147483647;
			files = (
			);
			runOnlyForDeploymentPostprocessing = 0;
		};
/* End PBXFrameworksBuildPhase section */

/* Begin PBXGroup section */
		E94D17C81AF8B4FD00E31B01 /* Application */ = {
			isa = PBXGroup;
			children = (
				E94D17D31AF8B66000E31B01 /* main.m */,
				E94D17C91AF8B51000E31B01 /* AppDelegate.h */,
				E94D17CA1AF8B51000E31B01 /* AppDelegate.m */,
			);
			name = Application;
			sourceTree = "<group>";
		};
		E94D17CC1AF8B55800E31B01 /* Controllers */ = {
			isa = PBXGroup;
			children = (
				E94D17CD1AF8B56400E31B01 /* NewsFeed */,
			);
			name = Controllers;
			sourceTree = "<group>";
		};
		E94D17CD1AF8B56400E31B01 /* NewsFeed */ = {
			isa = PBXGroup;
			children = (
				E94D17CE1AF8B57700E31B01 /* NewsFeedViewController.h */,
				E94D17CF1AF8B57700E31B01 /* NewsFeedViewController.m */,
				E94D17D01AF8B57700E31B01 /* NewsFeedViewController.xib */,
			);
			name = NewsFeed;
			sourceTree = "<group>";
		};
		E94D17D51AF8B68600E31B01 /* Resources */ = {
			isa = PBXGroup;
			children = (
			);
			name = Resources;
			sourceTree = "<group>";
		};
		E95574321AF86D2600F0B230 = {
			isa = PBXGroup;
			children = (
				E955743D1AF86D2600F0B230 /* whunted */,
				E95574571AF86D2600F0B230 /* whuntedTests */,
				E955743C1AF86D2600F0B230 /* Products */,
			);
			sourceTree = "<group>";
		};
		E955743C1AF86D2600F0B230 /* Products */ = {
			isa = PBXGroup;
			children = (
				E955743B1AF86D2600F0B230 /* whunted.app */,
				E95574541AF86D2600F0B230 /* whuntedTests.xctest */,
			);
			name = Products;
			sourceTree = "<group>";
		};
		E955743D1AF86D2600F0B230 /* whunted */ = {
			isa = PBXGroup;
			children = (
				E94D17C81AF8B4FD00E31B01 /* Application */,
				E94D17CC1AF8B55800E31B01 /* Controllers */,
				E94D17D51AF8B68600E31B01 /* Resources */,
				E955744B1AF86D2600F0B230 /* Images.xcassets */,
				E955744D1AF86D2600F0B230 /* LaunchScreen.xib */,
				E94D17D91AF8B8F800E31B01 /* Info.plist */,
			);
			path = whunted;
			sourceTree = "<group>";
		};
		E95574571AF86D2600F0B230 /* whuntedTests */ = {
			isa = PBXGroup;
			children = (
				E955745A1AF86D2600F0B230 /* whuntedTests.m */,
				E95574581AF86D2600F0B230 /* Supporting Files */,
			);
			path = whuntedTests;
			sourceTree = "<group>";
		};
		E95574581AF86D2600F0B230 /* Supporting Files */ = {
			isa = PBXGroup;
			children = (
				E95574591AF86D2600F0B230 /* Info.plist */,
			);
			name = "Supporting Files";
			sourceTree = "<group>";
		};
/* End PBXGroup section */

/* Begin PBXNativeTarget section */
		E955743A1AF86D2600F0B230 /* whunted */ = {
			isa = PBXNativeTarget;
			buildConfigurationList = E955745E1AF86D2600F0B230 /* Build configuration list for PBXNativeTarget "whunted" */;
			buildPhases = (
				E95574371AF86D2600F0B230 /* Sources */,
				E95574381AF86D2600F0B230 /* Frameworks */,
				E95574391AF86D2600F0B230 /* Resources */,
			);
			buildRules = (
			);
			dependencies = (
			);
			name = whunted;
			productName = whunted;
			productReference = E955743B1AF86D2600F0B230 /* whunted.app */;
			productType = "com.apple.product-type.application";
		};
		E95574531AF86D2600F0B230 /* whuntedTests */ = {
			isa = PBXNativeTarget;
			buildConfigurationList = E95574611AF86D2600F0B230 /* Build configuration list for PBXNativeTarget "whuntedTests" */;
			buildPhases = (
				E95574501AF86D2600F0B230 /* Sources */,
				E95574511AF86D2600F0B230 /* Frameworks */,
				E95574521AF86D2600F0B230 /* Resources */,
			);
			buildRules = (
			);
			dependencies = (
				E95574561AF86D2600F0B230 /* PBXTargetDependency */,
			);
			name = whuntedTests;
			productName = whuntedTests;
			productReference = E95574541AF86D2600F0B230 /* whuntedTests.xctest */;
			productType = "com.apple.product-type.bundle.unit-test";
		};
/* End PBXNativeTarget section */

/* Begin PBXProject section */
		E95574331AF86D2600F0B230 /* Project object */ = {
			isa = PBXProject;
			attributes = {
				LastUpgradeCheck = 0630;
				ORGANIZATIONNAME = Whunted;
				TargetAttributes = {
					E955743A1AF86D2600F0B230 = {
						CreatedOnToolsVersion = 6.3.1;
					};
					E95574531AF86D2600F0B230 = {
						CreatedOnToolsVersion = 6.3.1;
						TestTargetID = E955743A1AF86D2600F0B230;
					};
				};
			};
			buildConfigurationList = E95574361AF86D2600F0B230 /* Build configuration list for PBXProject "whunted" */;
			compatibilityVersion = "Xcode 3.2";
			developmentRegion = English;
			hasScannedForEncodings = 0;
			knownRegions = (
				en,
				Base,
			);
			mainGroup = E95574321AF86D2600F0B230;
			productRefGroup = E955743C1AF86D2600F0B230 /* Products */;
			projectDirPath = "";
			projectRoot = "";
			targets = (
				E955743A1AF86D2600F0B230 /* whunted */,
				E95574531AF86D2600F0B230 /* whuntedTests */,
			);
		};
/* End PBXProject section */

/* Begin PBXResourcesBuildPhase section */
		E95574391AF86D2600F0B230 /* Resources */ = {
			isa = PBXResourcesBuildPhase;
			buildActionMask = 2147483647;
			files = (
				E94D17DA1AF8B8F800E31B01 /* Info.plist in Resources */,
				E955744F1AF86D2600F0B230 /* LaunchScreen.xib in Resources */,
				E94D17D21AF8B57700E31B01 /* NewsFeedViewController.xib in Resources */,
				E955744C1AF86D2600F0B230 /* Images.xcassets in Resources */,
			);
			runOnlyForDeploymentPostprocessing = 0;
		};
		E95574521AF86D2600F0B230 /* Resources */ = {
			isa = PBXResourcesBuildPhase;
			buildActionMask = 2147483647;
			files = (
			);
			runOnlyForDeploymentPostprocessing = 0;
		};
/* End PBXResourcesBuildPhase section */

/* Begin PBXSourcesBuildPhase section */
		E95574371AF86D2600F0B230 /* Sources */ = {
			isa = PBXSourcesBuildPhase;
			buildActionMask = 2147483647;
			files = (
				E94D17CB1AF8B51000E31B01 /* AppDelegate.m in Sources */,
				E94D17D41AF8B66000E31B01 /* main.m in Sources */,
				E94D17D11AF8B57700E31B01 /* NewsFeedViewController.m in Sources */,
			);
			runOnlyForDeploymentPostprocessing = 0;
		};
		E95574501AF86D2600F0B230 /* Sources */ = {
			isa = PBXSourcesBuildPhase;
			buildActionMask = 2147483647;
			files = (
				E955745B1AF86D2600F0B230 /* whuntedTests.m in Sources */,
			);
			runOnlyForDeploymentPostprocessing = 0;
		};
/* End PBXSourcesBuildPhase section */

/* Begin PBXTargetDependency section */
		E95574561AF86D2600F0B230 /* PBXTargetDependency */ = {
			isa = PBXTargetDependency;
			target = E955743A1AF86D2600F0B230 /* whunted */;
			targetProxy = E95574551AF86D2600F0B230 /* PBXContainerItemProxy */;
		};
/* End PBXTargetDependency section */

/* Begin PBXVariantGroup section */
		E955744D1AF86D2600F0B230 /* LaunchScreen.xib */ = {
			isa = PBXVariantGroup;
			children = (
				E955744E1AF86D2600F0B230 /* Base */,
			);
			name = LaunchScreen.xib;
			sourceTree = "<group>";
		};
/* End PBXVariantGroup section */

/* Begin XCBuildConfiguration section */
		E955745C1AF86D2600F0B230 /* Debug */ = {
			isa = XCBuildConfiguration;
			buildSettings = {
				ALWAYS_SEARCH_USER_PATHS = NO;
				CLANG_CXX_LANGUAGE_STANDARD = "gnu++0x";
				CLANG_CXX_LIBRARY = "libc++";
				CLANG_ENABLE_MODULES = YES;
				CLANG_ENABLE_OBJC_ARC = YES;
				CLANG_WARN_BOOL_CONVERSION = YES;
				CLANG_WARN_CONSTANT_CONVERSION = YES;
				CLANG_WARN_DIRECT_OBJC_ISA_USAGE = YES_ERROR;
				CLANG_WARN_EMPTY_BODY = YES;
				CLANG_WARN_ENUM_CONVERSION = YES;
				CLANG_WARN_INT_CONVERSION = YES;
				CLANG_WARN_OBJC_ROOT_CLASS = YES_ERROR;
				CLANG_WARN_UNREACHABLE_CODE = YES;
				CLANG_WARN__DUPLICATE_METHOD_MATCH = YES;
				"CODE_SIGN_IDENTITY[sdk=iphoneos*]" = "iPhone Developer";
				COPY_PHASE_STRIP = NO;
				DEBUG_INFORMATION_FORMAT = "dwarf-with-dsym";
				ENABLE_STRICT_OBJC_MSGSEND = YES;
				GCC_C_LANGUAGE_STANDARD = gnu99;
				GCC_DYNAMIC_NO_PIC = NO;
				GCC_NO_COMMON_BLOCKS = YES;
				GCC_OPTIMIZATION_LEVEL = 0;
				GCC_PREPROCESSOR_DEFINITIONS = (
					"DEBUG=1",
					"$(inherited)",
				);
				GCC_SYMBOLS_PRIVATE_EXTERN = NO;
				GCC_WARN_64_TO_32_BIT_CONVERSION = YES;
				GCC_WARN_ABOUT_RETURN_TYPE = YES_ERROR;
				GCC_WARN_UNDECLARED_SELECTOR = YES;
				GCC_WARN_UNINITIALIZED_AUTOS = YES_AGGRESSIVE;
				GCC_WARN_UNUSED_FUNCTION = YES;
				GCC_WARN_UNUSED_VARIABLE = YES;
				IPHONEOS_DEPLOYMENT_TARGET = 8.3;
				MTL_ENABLE_DEBUG_INFO = YES;
				ONLY_ACTIVE_ARCH = YES;
				SDKROOT = iphoneos;
				TARGETED_DEVICE_FAMILY = "1,2";
			};
			name = Debug;
		};
		E955745D1AF86D2600F0B230 /* Release */ = {
			isa = XCBuildConfiguration;
			buildSettings = {
				ALWAYS_SEARCH_USER_PATHS = NO;
				CLANG_CXX_LANGUAGE_STANDARD = "gnu++0x";
				CLANG_CXX_LIBRARY = "libc++";
				CLANG_ENABLE_MODULES = YES;
				CLANG_ENABLE_OBJC_ARC = YES;
				CLANG_WARN_BOOL_CONVERSION = YES;
				CLANG_WARN_CONSTANT_CONVERSION = YES;
				CLANG_WARN_DIRECT_OBJC_ISA_USAGE = YES_ERROR;
				CLANG_WARN_EMPTY_BODY = YES;
				CLANG_WARN_ENUM_CONVERSION = YES;
				CLANG_WARN_INT_CONVERSION = YES;
				CLANG_WARN_OBJC_ROOT_CLASS = YES_ERROR;
				CLANG_WARN_UNREACHABLE_CODE = YES;
				CLANG_WARN__DUPLICATE_METHOD_MATCH = YES;
				"CODE_SIGN_IDENTITY[sdk=iphoneos*]" = "iPhone Developer";
				COPY_PHASE_STRIP = NO;
				DEBUG_INFORMATION_FORMAT = "dwarf-with-dsym";
				ENABLE_NS_ASSERTIONS = NO;
				ENABLE_STRICT_OBJC_MSGSEND = YES;
				GCC_C_LANGUAGE_STANDARD = gnu99;
				GCC_NO_COMMON_BLOCKS = YES;
				GCC_WARN_64_TO_32_BIT_CONVERSION = YES;
				GCC_WARN_ABOUT_RETURN_TYPE = YES_ERROR;
				GCC_WARN_UNDECLARED_SELECTOR = YES;
				GCC_WARN_UNINITIALIZED_AUTOS = YES_AGGRESSIVE;
				GCC_WARN_UNUSED_FUNCTION = YES;
				GCC_WARN_UNUSED_VARIABLE = YES;
				IPHONEOS_DEPLOYMENT_TARGET = 8.3;
				MTL_ENABLE_DEBUG_INFO = NO;
				SDKROOT = iphoneos;
				TARGETED_DEVICE_FAMILY = "1,2";
				VALIDATE_PRODUCT = YES;
			};
			name = Release;
		};
		E955745F1AF86D2600F0B230 /* Debug */ = {
			isa = XCBuildConfiguration;
			buildSettings = {
				ASSETCATALOG_COMPILER_APPICON_NAME = AppIcon;
				INFOPLIST_FILE = whunted/Info.plist;
				LD_RUNPATH_SEARCH_PATHS = "$(inherited) @executable_path/Frameworks";
				PRODUCT_NAME = "$(TARGET_NAME)";
			};
			name = Debug;
		};
		E95574601AF86D2600F0B230 /* Release */ = {
			isa = XCBuildConfiguration;
			buildSettings = {
				ASSETCATALOG_COMPILER_APPICON_NAME = AppIcon;
				INFOPLIST_FILE = whunted/Info.plist;
				LD_RUNPATH_SEARCH_PATHS = "$(inherited) @executable_path/Frameworks";
				PRODUCT_NAME = "$(TARGET_NAME)";
			};
			name = Release;
		};
		E95574621AF86D2600F0B230 /* Debug */ = {
			isa = XCBuildConfiguration;
			buildSettings = {
				BUNDLE_LOADER = "$(TEST_HOST)";
				FRAMEWORK_SEARCH_PATHS = (
					"$(SDKROOT)/Developer/Library/Frameworks",
					"$(inherited)",
				);
				GCC_PREPROCESSOR_DEFINITIONS = (
					"DEBUG=1",
					"$(inherited)",
				);
				INFOPLIST_FILE = whuntedTests/Info.plist;
				LD_RUNPATH_SEARCH_PATHS = "$(inherited) @executable_path/Frameworks @loader_path/Frameworks";
				PRODUCT_NAME = "$(TARGET_NAME)";
				TEST_HOST = "$(BUILT_PRODUCTS_DIR)/whunted.app/whunted";
			};
			name = Debug;
		};
		E95574631AF86D2600F0B230 /* Release */ = {
			isa = XCBuildConfiguration;
			buildSettings = {
				BUNDLE_LOADER = "$(TEST_HOST)";
				FRAMEWORK_SEARCH_PATHS = (
					"$(SDKROOT)/Developer/Library/Frameworks",
					"$(inherited)",
				);
				INFOPLIST_FILE = whuntedTests/Info.plist;
				LD_RUNPATH_SEARCH_PATHS = "$(inherited) @executable_path/Frameworks @loader_path/Frameworks";
				PRODUCT_NAME = "$(TARGET_NAME)";
				TEST_HOST = "$(BUILT_PRODUCTS_DIR)/whunted.app/whunted";
			};
			name = Release;
		};
/* End XCBuildConfiguration section */

/* Begin XCConfigurationList section */
		E95574361AF86D2600F0B230 /* Build configuration list for PBXProject "whunted" */ = {
			isa = XCConfigurationList;
			buildConfigurations = (
				E955745C1AF86D2600F0B230 /* Debug */,
				E955745D1AF86D2600F0B230 /* Release */,
			);
			defaultConfigurationIsVisible = 0;
			defaultConfigurationName = Release;
		};
		E955745E1AF86D2600F0B230 /* Build configuration list for PBXNativeTarget "whunted" */ = {
			isa = XCConfigurationList;
			buildConfigurations = (
				E955745F1AF86D2600F0B230 /* Debug */,
				E95574601AF86D2600F0B230 /* Release */,
			);
			defaultConfigurationIsVisible = 0;
			defaultConfigurationName = Release;
		};
		E95574611AF86D2600F0B230 /* Build configuration list for PBXNativeTarget "whuntedTests" */ = {
			isa = XCConfigurationList;
			buildConfigurations = (
				E95574621AF86D2600F0B230 /* Debug */,
				E95574631AF86D2600F0B230 /* Release */,
			);
			defaultConfigurationIsVisible = 0;
			defaultConfigurationName = Release;
		};
/* End XCConfigurationList section */
	};
	rootObject = E95574331AF86D2600F0B230 /* Project object */;
}
